PODS:
  - Contentful (5.5.1):
    - Contentful/ImageOptions (= 5.5.1)
  - Contentful/ImageOptions (5.5.1)

DEPENDENCIES:
  - Contentful

SPEC REPOS:
  trunk:
    - Contentful

SPEC CHECKSUMS:
  Contentful: 5bc3d261fe57fa94a99fe89b904f9f11a0f04331

PODFILE CHECKSUM: f73d6c790acc3f98839e46a8e24d4add3cf00b8b

COCOAPODS: 1.10.1
