// !$*UTF8*$!
{
	archiveVersion = 1;
	classes = {
	};
	objectVersion = 51;
	objects = {

/* Begin PBXBuildFile section */
		3AA3663D3B175330B562B024 /* Pods_Marley_SpoonTests.framework in Frameworks */ = {isa = PBXBuildFile; fileRef = A27B6C5A91FA0C2E01B1EAD1 /* Pods_Marley_SpoonTests.framework */; };
		4E410DC226F0B72C00541749 /* AppDelegate.swift in Sources */ = {isa = PBXBuildFile; fileRef = 4E410DC126F0B72C00541749 /* AppDelegate.swift */; };
		4E410DC426F0B72C00541749 /* SceneDelegate.swift in Sources */ = {isa = PBXBuildFile; fileRef = 4E410DC326F0B72C00541749 /* SceneDelegate.swift */; };
		4E410DCE26F0B72D00541749 /* Assets.xcassets in Resources */ = {isa = PBXBuildFile; fileRef = 4E410DCD26F0B72D00541749 /* Assets.xcassets */; };
		4E410DD126F0B72D00541749 /* LaunchScreen.storyboard in Resources */ = {isa = PBXBuildFile; fileRef = 4E410DCF26F0B72D00541749 /* LaunchScreen.storyboard */; };
		4E410DF626F0C44000541749 /* Recipe.swift in Sources */ = {isa = PBXBuildFile; fileRef = 4E410DF526F0C44000541749 /* Recipe.swift */; };
		4E92231C26F71C8300A9C359 /* RecipeModuleUITests.swift in Sources */ = {isa = PBXBuildFile; fileRef = 4E92231B26F71C8300A9C359 /* RecipeModuleUITests.swift */; };
		4E92231F26F71D9B00A9C359 /* AccessibilityIdsReference.swift in Sources */ = {isa = PBXBuildFile; fileRef = 4E92231E26F71D9B00A9C359 /* AccessibilityIdsReference.swift */; };
		4E92232126F7288A00A9C359 /* RecipeDetailsModuleUITests.swift in Sources */ = {isa = PBXBuildFile; fileRef = 4E92232026F7288A00A9C359 /* RecipeDetailsModuleUITests.swift */; };
		4E92232526F73A0B00A9C359 /* FAQSectionItem.swift in Sources */ = {isa = PBXBuildFile; fileRef = 4E92232426F73A0B00A9C359 /* FAQSectionItem.swift */; };
		4E92232726F73B9F00A9C359 /* FAQSection.swift in Sources */ = {isa = PBXBuildFile; fileRef = 4E92232626F73B9F00A9C359 /* FAQSection.swift */; };
		4E92232B26F73F0900A9C359 /* FAQService.swift in Sources */ = {isa = PBXBuildFile; fileRef = 4E92232A26F73F0900A9C359 /* FAQService.swift */; };
		4E92232F26F73F9A00A9C359 /* FAQProtocols.swift in Sources */ = {isa = PBXBuildFile; fileRef = 4E92232E26F73F9A00A9C359 /* FAQProtocols.swift */; };
		4E92233126F73FE900A9C359 /* FAQScene.swift in Sources */ = {isa = PBXBuildFile; fileRef = 4E92233026F73FE900A9C359 /* FAQScene.swift */; };
		4E92233326F7432000A9C359 /* FAQSceneInteractor.swift in Sources */ = {isa = PBXBuildFile; fileRef = 4E92233226F7432000A9C359 /* FAQSceneInteractor.swift */; };
		4E92233526F7440000A9C359 /* FAQScenePresenter.swift in Sources */ = {isa = PBXBuildFile; fileRef = 4E92233426F7440000A9C359 /* FAQScenePresenter.swift */; };
		4E92233826F74C9900A9C359 /* FAQSceneViewController.swift in Sources */ = {isa = PBXBuildFile; fileRef = 4E92233626F74C9900A9C359 /* FAQSceneViewController.swift */; };
		4E92233926F74C9900A9C359 /* FAQSceneViewController.xib in Resources */ = {isa = PBXBuildFile; fileRef = 4E92233726F74C9900A9C359 /* FAQSceneViewController.xib */; };
		4E92233D26F74D7700A9C359 /* FAQSceneTableViewCell.swift in Sources */ = {isa = PBXBuildFile; fileRef = 4E92233B26F74D7700A9C359 /* FAQSceneTableViewCell.swift */; };
		4E92233E26F74D7700A9C359 /* FAQSceneTableViewCell.xib in Resources */ = {isa = PBXBuildFile; fileRef = 4E92233C26F74D7700A9C359 /* FAQSceneTableViewCell.xib */; };
		4E92234026F7562700A9C359 /* FAQSceneConfigurator.swift in Sources */ = {isa = PBXBuildFile; fileRef = 4E92233F26F7562700A9C359 /* FAQSceneConfigurator.swift */; };
		4E92234226F7566200A9C359 /* FAQSceneWorker.swift in Sources */ = {isa = PBXBuildFile; fileRef = 4E92234126F7566200A9C359 /* FAQSceneWorker.swift */; };
		4E92234426F7587800A9C359 /* TabViewController.storyboard in Resources */ = {isa = PBXBuildFile; fileRef = 4E92234326F7587800A9C359 /* TabViewController.storyboard */; };
		4E92234926F75A3D00A9C359 /* TabBarViewController.swift in Sources */ = {isa = PBXBuildFile; fileRef = 4E92234826F75A3D00A9C359 /* TabBarViewController.swift */; };
		4E92234B26F75F4100A9C359 /* UIViewController+Progress.swift in Sources */ = {isa = PBXBuildFile; fileRef = 4E92234A26F75F4100A9C359 /* UIViewController+Progress.swift */; };
		4E92235026F7695C00A9C359 /* FAQPresenterMock.swift in Sources */ = {isa = PBXBuildFile; fileRef = 4E92234F26F7695C00A9C359 /* FAQPresenterMock.swift */; };
		4E92235226F769D300A9C359 /* FAQServiceMock.swift in Sources */ = {isa = PBXBuildFile; fileRef = 4E92235126F769D300A9C359 /* FAQServiceMock.swift */; };
		4E92235526F76A1100A9C359 /* FAQItems.swift in Sources */ = {isa = PBXBuildFile; fileRef = 4E92235426F76A1100A9C359 /* FAQItems.swift */; };
		4E92235926F76A6200A9C359 /* FAQData.json in Resources */ = {isa = PBXBuildFile; fileRef = 4E92235826F76A6200A9C359 /* FAQData.json */; };
		4E92235B26F76A8600A9C359 /* FAQInteractorMock.swift in Sources */ = {isa = PBXBuildFile; fileRef = 4E92235A26F76A8600A9C359 /* FAQInteractorMock.swift */; };
		4E92235D26F76AFD00A9C359 /* FAQViewMock.swift in Sources */ = {isa = PBXBuildFile; fileRef = 4E92235C26F76AFD00A9C359 /* FAQViewMock.swift */; };
		4E92235F26F76B5900A9C359 /* FAQInteractorTests.swift in Sources */ = {isa = PBXBuildFile; fileRef = 4E92235E26F76B5900A9C359 /* FAQInteractorTests.swift */; };
		4E92236126F76C4E00A9C359 /* FAQPresenterTests.swift in Sources */ = {isa = PBXBuildFile; fileRef = 4E92236026F76C4E00A9C359 /* FAQPresenterTests.swift */; };
		4E92236326F76D9400A9C359 /* FAQViewTests.swift in Sources */ = {isa = PBXBuildFile; fileRef = 4E92236226F76D9400A9C359 /* FAQViewTests.swift */; };
		4E96DF7526F7A0D900BD67D9 /* FAQHeaderView.swift in Sources */ = {isa = PBXBuildFile; fileRef = 4E96DF7426F7A0D900BD67D9 /* FAQHeaderView.swift */; };
		4E96DF7726F7A0EA00BD67D9 /* FAQHeaderView.xib in Resources */ = {isa = PBXBuildFile; fileRef = 4E96DF7626F7A0EA00BD67D9 /* FAQHeaderView.xib */; };
		4EECC98026F3C0A0007779DE /* ContentfulProvider.swift in Sources */ = {isa = PBXBuildFile; fileRef = 4EECC97F26F3C0A0007779DE /* ContentfulProvider.swift */; };
		4EECC98226F3C0FC007779DE /* ContentfulCredentials.swift in Sources */ = {isa = PBXBuildFile; fileRef = 4EECC98126F3C0FC007779DE /* ContentfulCredentials.swift */; };
		4EECC98426F3C37E007779DE /* Chef.swift in Sources */ = {isa = PBXBuildFile; fileRef = 4EECC98326F3C37E007779DE /* Chef.swift */; };
		4EECC98626F3C413007779DE /* Tag.swift in Sources */ = {isa = PBXBuildFile; fileRef = 4EECC98526F3C413007779DE /* Tag.swift */; };
		4EECC98C26F63895007779DE /* RecipeWorker.swift in Sources */ = {isa = PBXBuildFile; fileRef = 4EECC98B26F63895007779DE /* RecipeWorker.swift */; };
		4EECC98F26F638C2007779DE /* RecipeService.swift in Sources */ = {isa = PBXBuildFile; fileRef = 4EECC98E26F638C2007779DE /* RecipeService.swift */; };
		4EECC99226F639A8007779DE /* NetworkService.swift in Sources */ = {isa = PBXBuildFile; fileRef = 4EECC99126F639A8007779DE /* NetworkService.swift */; };
		4EECC99526F63B4C007779DE /* NetworkError.swift in Sources */ = {isa = PBXBuildFile; fileRef = 4EECC99426F63B4C007779DE /* NetworkError.swift */; };
		4EECC99726F63BD6007779DE /* RecipeProtocols.swift in Sources */ = {isa = PBXBuildFile; fileRef = 4EECC99626F63BD6007779DE /* RecipeProtocols.swift */; };
		4EECC99926F63C38007779DE /* RecipeScene.swift in Sources */ = {isa = PBXBuildFile; fileRef = 4EECC99826F63C38007779DE /* RecipeScene.swift */; };
		4EECC99B26F640A5007779DE /* RecipeSceneInteractor.swift in Sources */ = {isa = PBXBuildFile; fileRef = 4EECC99A26F640A5007779DE /* RecipeSceneInteractor.swift */; };
		4EECC99D26F6423C007779DE /* RecipeScenePresenter.swift in Sources */ = {isa = PBXBuildFile; fileRef = 4EECC99C26F6423C007779DE /* RecipeScenePresenter.swift */; };
		4EECC9A126F64612007779DE /* RecipeSceneViewController.swift in Sources */ = {isa = PBXBuildFile; fileRef = 4EECC9A026F64612007779DE /* RecipeSceneViewController.swift */; };
		4EECC9A426F6465E007779DE /* RecipeSceneViewController.xib in Resources */ = {isa = PBXBuildFile; fileRef = 4EECC9A326F6465E007779DE /* RecipeSceneViewController.xib */; };
		4EECC9A726F646DC007779DE /* RecipeCollectionViewCell.swift in Sources */ = {isa = PBXBuildFile; fileRef = 4EECC9A526F646DC007779DE /* RecipeCollectionViewCell.swift */; };
		4EECC9A826F646DC007779DE /* RecipeCollectionViewCell.xib in Resources */ = {isa = PBXBuildFile; fileRef = 4EECC9A626F646DC007779DE /* RecipeCollectionViewCell.xib */; };
		4EECC9AA26F648B5007779DE /* SceneWindowManager.swift in Sources */ = {isa = PBXBuildFile; fileRef = 4EECC9A926F648B5007779DE /* SceneWindowManager.swift */; };
		4EECC9AC26F648D9007779DE /* RecipeSceneConfigurator.swift in Sources */ = {isa = PBXBuildFile; fileRef = 4EECC9AB26F648D9007779DE /* RecipeSceneConfigurator.swift */; };
		4EECC9AE26F64957007779DE /* RecipeSceneRouter.swift in Sources */ = {isa = PBXBuildFile; fileRef = 4EECC9AD26F64957007779DE /* RecipeSceneRouter.swift */; };
		4EECC9B126F64E9A007779DE /* String+RemoveSpaces.swift in Sources */ = {isa = PBXBuildFile; fileRef = 4EECC9B026F64E9A007779DE /* String+RemoveSpaces.swift */; };
		4EECC9B926F66318007779DE /* RecipeDetailsSceneViewController.swift in Sources */ = {isa = PBXBuildFile; fileRef = 4EECC9B726F66318007779DE /* RecipeDetailsSceneViewController.swift */; };
		4EECC9BA26F66318007779DE /* RecipeDetailsSceneViewController.xib in Resources */ = {isa = PBXBuildFile; fileRef = 4EECC9B826F66318007779DE /* RecipeDetailsSceneViewController.xib */; };
		4EECC9BE26F6830E007779DE /* RecipeDetailsSceneCollectionViewCell.swift in Sources */ = {isa = PBXBuildFile; fileRef = 4EECC9BC26F6830E007779DE /* RecipeDetailsSceneCollectionViewCell.swift */; };
		4EECC9BF26F6830E007779DE /* RecipeDetailsSceneCollectionViewCell.xib in Resources */ = {isa = PBXBuildFile; fileRef = 4EECC9BD26F6830E007779DE /* RecipeDetailsSceneCollectionViewCell.xib */; };
		4EECC9C226F693C9007779DE /* ErrorView.swift in Sources */ = {isa = PBXBuildFile; fileRef = 4EECC9C126F693C9007779DE /* ErrorView.swift */; };
		4EECC9C426F693D8007779DE /* ErrorView.xib in Resources */ = {isa = PBXBuildFile; fileRef = 4EECC9C326F693D8007779DE /* ErrorView.xib */; };
		4EECC9C926F69EEA007779DE /* RecipePresenterMock.swift in Sources */ = {isa = PBXBuildFile; fileRef = 4EECC9C826F69EEA007779DE /* RecipePresenterMock.swift */; };
		4EECC9CB26F69F66007779DE /* RecipeInteractorMock.swift in Sources */ = {isa = PBXBuildFile; fileRef = 4EECC9CA26F69F66007779DE /* RecipeInteractorMock.swift */; };
		4EECC9CD26F69F7A007779DE /* RecipeServiceMock.swift in Sources */ = {isa = PBXBuildFile; fileRef = 4EECC9CC26F69F7A007779DE /* RecipeServiceMock.swift */; };
		4EECC9D526F6A0B1007779DE /* RecipesData.json in Resources */ = {isa = PBXBuildFile; fileRef = 4EECC9D426F6A0B1007779DE /* RecipesData.json */; };
		4EECC9D726F6A0BB007779DE /* ResponseMockHelper.swift in Sources */ = {isa = PBXBuildFile; fileRef = 4EECC9D626F6A0BB007779DE /* ResponseMockHelper.swift */; };
		4EECC9DC26F6A1B8007779DE /* RecipesInteractorTests.swift in Sources */ = {isa = PBXBuildFile; fileRef = 4EECC9DB26F6A1B8007779DE /* RecipesInteractorTests.swift */; };
		4EECC9DF26F6A4D8007779DE /* RecipeItems.swift in Sources */ = {isa = PBXBuildFile; fileRef = 4EECC9DE26F6A4D8007779DE /* RecipeItems.swift */; };
		4EECC9E226F6A9D0007779DE /* RecipeViewMock.swift in Sources */ = {isa = PBXBuildFile; fileRef = 4EECC9E126F6A9D0007779DE /* RecipeViewMock.swift */; };
		4EECC9E426F6B114007779DE /* RecipesPresenterTests.swift in Sources */ = {isa = PBXBuildFile; fileRef = 4EECC9E326F6B114007779DE /* RecipesPresenterTests.swift */; };
		4EECC9E626F6B40C007779DE /* RecipeViewTests.swift in Sources */ = {isa = PBXBuildFile; fileRef = 4EECC9E526F6B40C007779DE /* RecipeViewTests.swift */; };
		DE37D17FA827B7223248007F /* Pods_Marley_Spoon_Marley_SpoonUITests.framework in Frameworks */ = {isa = PBXBuildFile; fileRef = 5F00BBB6714A83B6E8F8A5C8 /* Pods_Marley_Spoon_Marley_SpoonUITests.framework */; };
		E88EE1A1D6AE3F3EA25990FC /* Pods_Marley_Spoon.framework in Frameworks */ = {isa = PBXBuildFile; fileRef = 07D8257E3FADE5757F2BCDC3 /* Pods_Marley_Spoon.framework */; };
/* End PBXBuildFile section */

/* Begin PBXContainerItemProxy section */
		4E410DD826F0B72D00541749 /* PBXContainerItemProxy */ = {
			isa = PBXContainerItemProxy;
			containerPortal = 4E410DB626F0B72C00541749 /* Project object */;
			proxyType = 1;
			remoteGlobalIDString = 4E410DBD26F0B72C00541749;
			remoteInfo = "Marley Spoon";
		};
		4E410DE326F0B72D00541749 /* PBXContainerItemProxy */ = {
			isa = PBXContainerItemProxy;
			containerPortal = 4E410DB626F0B72C00541749 /* Project object */;
			proxyType = 1;
			remoteGlobalIDString = 4E410DBD26F0B72C00541749;
			remoteInfo = "Marley Spoon";
		};
/* End PBXContainerItemProxy section */

/* Begin PBXFileReference section */
		07D8257E3FADE5757F2BCDC3 /* Pods_Marley_Spoon.framework */ = {isa = PBXFileReference; explicitFileType = wrapper.framework; includeInIndex = 0; path = Pods_Marley_Spoon.framework; sourceTree = BUILT_PRODUCTS_DIR; };
		11F6D897D55091E8071D0150 /* Pods-Marley Spoon.debug.xcconfig */ = {isa = PBXFileReference; includeInIndex = 1; lastKnownFileType = text.xcconfig; name = "Pods-Marley Spoon.debug.xcconfig"; path = "Target Support Files/Pods-Marley Spoon/Pods-Marley Spoon.debug.xcconfig"; sourceTree = "<group>"; };
		4E410DBE26F0B72C00541749 /* Marley Spoon.app */ = {isa = PBXFileReference; explicitFileType = wrapper.application; includeInIndex = 0; path = "Marley Spoon.app"; sourceTree = BUILT_PRODUCTS_DIR; };
		4E410DC126F0B72C00541749 /* AppDelegate.swift */ = {isa = PBXFileReference; lastKnownFileType = sourcecode.swift; path = AppDelegate.swift; sourceTree = "<group>"; };
		4E410DC326F0B72C00541749 /* SceneDelegate.swift */ = {isa = PBXFileReference; lastKnownFileType = sourcecode.swift; path = SceneDelegate.swift; sourceTree = "<group>"; };
		4E410DCD26F0B72D00541749 /* Assets.xcassets */ = {isa = PBXFileReference; lastKnownFileType = folder.assetcatalog; path = Assets.xcassets; sourceTree = "<group>"; };
		4E410DD026F0B72D00541749 /* Base */ = {isa = PBXFileReference; lastKnownFileType = file.storyboard; name = Base; path = Base.lproj/LaunchScreen.storyboard; sourceTree = "<group>"; };
		4E410DD226F0B72D00541749 /* Info.plist */ = {isa = PBXFileReference; lastKnownFileType = text.plist.xml; path = Info.plist; sourceTree = "<group>"; };
		4E410DD726F0B72D00541749 /* Marley SpoonTests.xctest */ = {isa = PBXFileReference; explicitFileType = wrapper.cfbundle; includeInIndex = 0; path = "Marley SpoonTests.xctest"; sourceTree = BUILT_PRODUCTS_DIR; };
		4E410DDD26F0B72D00541749 /* Info.plist */ = {isa = PBXFileReference; lastKnownFileType = text.plist.xml; path = Info.plist; sourceTree = "<group>"; };
		4E410DE226F0B72D00541749 /* Marley SpoonUITests.xctest */ = {isa = PBXFileReference; explicitFileType = wrapper.cfbundle; includeInIndex = 0; path = "Marley SpoonUITests.xctest"; sourceTree = BUILT_PRODUCTS_DIR; };
		4E410DE826F0B72D00541749 /* Info.plist */ = {isa = PBXFileReference; lastKnownFileType = text.plist.xml; path = Info.plist; sourceTree = "<group>"; };
		4E410DF526F0C44000541749 /* Recipe.swift */ = {isa = PBXFileReference; lastKnownFileType = sourcecode.swift; path = Recipe.swift; sourceTree = "<group>"; };
		4E92231B26F71C8300A9C359 /* RecipeModuleUITests.swift */ = {isa = PBXFileReference; lastKnownFileType = sourcecode.swift; path = RecipeModuleUITests.swift; sourceTree = "<group>"; };
		4E92231E26F71D9B00A9C359 /* AccessibilityIdsReference.swift */ = {isa = PBXFileReference; lastKnownFileType = sourcecode.swift; path = AccessibilityIdsReference.swift; sourceTree = "<group>"; };
		4E92232026F7288A00A9C359 /* RecipeDetailsModuleUITests.swift */ = {isa = PBXFileReference; lastKnownFileType = sourcecode.swift; path = RecipeDetailsModuleUITests.swift; sourceTree = "<group>"; };
		4E92232426F73A0B00A9C359 /* FAQSectionItem.swift */ = {isa = PBXFileReference; lastKnownFileType = sourcecode.swift; path = FAQSectionItem.swift; sourceTree = "<group>"; };
		4E92232626F73B9F00A9C359 /* FAQSection.swift */ = {isa = PBXFileReference; lastKnownFileType = sourcecode.swift; path = FAQSection.swift; sourceTree = "<group>"; };
		4E92232A26F73F0900A9C359 /* FAQService.swift */ = {isa = PBXFileReference; lastKnownFileType = sourcecode.swift; path = FAQService.swift; sourceTree = "<group>"; };
		4E92232E26F73F9A00A9C359 /* FAQProtocols.swift */ = {isa = PBXFileReference; lastKnownFileType = sourcecode.swift; path = FAQProtocols.swift; sourceTree = "<group>"; };
		4E92233026F73FE900A9C359 /* FAQScene.swift */ = {isa = PBXFileReference; lastKnownFileType = sourcecode.swift; path = FAQScene.swift; sourceTree = "<group>"; };
		4E92233226F7432000A9C359 /* FAQSceneInteractor.swift */ = {isa = PBXFileReference; lastKnownFileType = sourcecode.swift; path = FAQSceneInteractor.swift; sourceTree = "<group>"; };
		4E92233426F7440000A9C359 /* FAQScenePresenter.swift */ = {isa = PBXFileReference; lastKnownFileType = sourcecode.swift; path = FAQScenePresenter.swift; sourceTree = "<group>"; };
		4E92233626F74C9900A9C359 /* FAQSceneViewController.swift */ = {isa = PBXFileReference; lastKnownFileType = sourcecode.swift; path = FAQSceneViewController.swift; sourceTree = "<group>"; };
		4E92233726F74C9900A9C359 /* FAQSceneViewController.xib */ = {isa = PBXFileReference; lastKnownFileType = file.xib; path = FAQSceneViewController.xib; sourceTree = "<group>"; };
		4E92233B26F74D7700A9C359 /* FAQSceneTableViewCell.swift */ = {isa = PBXFileReference; lastKnownFileType = sourcecode.swift; path = FAQSceneTableViewCell.swift; sourceTree = "<group>"; };
		4E92233C26F74D7700A9C359 /* FAQSceneTableViewCell.xib */ = {isa = PBXFileReference; lastKnownFileType = file.xib; path = FAQSceneTableViewCell.xib; sourceTree = "<group>"; };
		4E92233F26F7562700A9C359 /* FAQSceneConfigurator.swift */ = {isa = PBXFileReference; lastKnownFileType = sourcecode.swift; path = FAQSceneConfigurator.swift; sourceTree = "<group>"; };
		4E92234126F7566200A9C359 /* FAQSceneWorker.swift */ = {isa = PBXFileReference; lastKnownFileType = sourcecode.swift; path = FAQSceneWorker.swift; sourceTree = "<group>"; };
		4E92234326F7587800A9C359 /* TabViewController.storyboard */ = {isa = PBXFileReference; lastKnownFileType = file.storyboard; path = TabViewController.storyboard; sourceTree = "<group>"; };
		4E92234826F75A3D00A9C359 /* TabBarViewController.swift */ = {isa = PBXFileReference; lastKnownFileType = sourcecode.swift; path = TabBarViewController.swift; sourceTree = "<group>"; };
		4E92234A26F75F4100A9C359 /* UIViewController+Progress.swift */ = {isa = PBXFileReference; lastKnownFileType = sourcecode.swift; path = "UIViewController+Progress.swift"; sourceTree = "<group>"; };
		4E92234F26F7695C00A9C359 /* FAQPresenterMock.swift */ = {isa = PBXFileReference; lastKnownFileType = sourcecode.swift; path = FAQPresenterMock.swift; sourceTree = "<group>"; };
		4E92235126F769D300A9C359 /* FAQServiceMock.swift */ = {isa = PBXFileReference; lastKnownFileType = sourcecode.swift; path = FAQServiceMock.swift; sourceTree = "<group>"; };
		4E92235426F76A1100A9C359 /* FAQItems.swift */ = {isa = PBXFileReference; lastKnownFileType = sourcecode.swift; path = FAQItems.swift; sourceTree = "<group>"; };
		4E92235826F76A6200A9C359 /* FAQData.json */ = {isa = PBXFileReference; fileEncoding = 4; lastKnownFileType = text.json; path = FAQData.json; sourceTree = "<group>"; };
		4E92235A26F76A8600A9C359 /* FAQInteractorMock.swift */ = {isa = PBXFileReference; lastKnownFileType = sourcecode.swift; path = FAQInteractorMock.swift; sourceTree = "<group>"; };
		4E92235C26F76AFD00A9C359 /* FAQViewMock.swift */ = {isa = PBXFileReference; lastKnownFileType = sourcecode.swift; path = FAQViewMock.swift; sourceTree = "<group>"; };
		4E92235E26F76B5900A9C359 /* FAQInteractorTests.swift */ = {isa = PBXFileReference; lastKnownFileType = sourcecode.swift; path = FAQInteractorTests.swift; sourceTree = "<group>"; };
		4E92236026F76C4E00A9C359 /* FAQPresenterTests.swift */ = {isa = PBXFileReference; lastKnownFileType = sourcecode.swift; path = FAQPresenterTests.swift; sourceTree = "<group>"; };
		4E92236226F76D9400A9C359 /* FAQViewTests.swift */ = {isa = PBXFileReference; lastKnownFileType = sourcecode.swift; path = FAQViewTests.swift; sourceTree = "<group>"; };
		4E96DF7426F7A0D900BD67D9 /* FAQHeaderView.swift */ = {isa = PBXFileReference; lastKnownFileType = sourcecode.swift; path = FAQHeaderView.swift; sourceTree = "<group>"; };
		4E96DF7626F7A0EA00BD67D9 /* FAQHeaderView.xib */ = {isa = PBXFileReference; lastKnownFileType = file.xib; path = FAQHeaderView.xib; sourceTree = "<group>"; };
		4EECC97A26F3BFF6007779DE /* Credentials.xcconfig */ = {isa = PBXFileReference; lastKnownFileType = text.xcconfig; path = Credentials.xcconfig; sourceTree = "<group>"; };
		4EECC97F26F3C0A0007779DE /* ContentfulProvider.swift */ = {isa = PBXFileReference; lastKnownFileType = sourcecode.swift; path = ContentfulProvider.swift; sourceTree = "<group>"; };
		4EECC98126F3C0FC007779DE /* ContentfulCredentials.swift */ = {isa = PBXFileReference; lastKnownFileType = sourcecode.swift; path = ContentfulCredentials.swift; sourceTree = "<group>"; };
		4EECC98326F3C37E007779DE /* Chef.swift */ = {isa = PBXFileReference; lastKnownFileType = sourcecode.swift; path = Chef.swift; sourceTree = "<group>"; };
		4EECC98526F3C413007779DE /* Tag.swift */ = {isa = PBXFileReference; lastKnownFileType = sourcecode.swift; path = Tag.swift; sourceTree = "<group>"; };
		4EECC98B26F63895007779DE /* RecipeWorker.swift */ = {isa = PBXFileReference; lastKnownFileType = sourcecode.swift; path = RecipeWorker.swift; sourceTree = "<group>"; };
		4EECC98E26F638C2007779DE /* RecipeService.swift */ = {isa = PBXFileReference; lastKnownFileType = sourcecode.swift; path = RecipeService.swift; sourceTree = "<group>"; };
		4EECC99126F639A8007779DE /* NetworkService.swift */ = {isa = PBXFileReference; lastKnownFileType = sourcecode.swift; path = NetworkService.swift; sourceTree = "<group>"; };
		4EECC99426F63B4C007779DE /* NetworkError.swift */ = {isa = PBXFileReference; lastKnownFileType = sourcecode.swift; path = NetworkError.swift; sourceTree = "<group>"; };
		4EECC99626F63BD6007779DE /* RecipeProtocols.swift */ = {isa = PBXFileReference; lastKnownFileType = sourcecode.swift; path = RecipeProtocols.swift; sourceTree = "<group>"; };
		4EECC99826F63C38007779DE /* RecipeScene.swift */ = {isa = PBXFileReference; lastKnownFileType = sourcecode.swift; path = RecipeScene.swift; sourceTree = "<group>"; };
		4EECC99A26F640A5007779DE /* RecipeSceneInteractor.swift */ = {isa = PBXFileReference; lastKnownFileType = sourcecode.swift; path = RecipeSceneInteractor.swift; sourceTree = "<group>"; };
		4EECC99C26F6423C007779DE /* RecipeScenePresenter.swift */ = {isa = PBXFileReference; lastKnownFileType = sourcecode.swift; path = RecipeScenePresenter.swift; sourceTree = "<group>"; };
		4EECC9A026F64612007779DE /* RecipeSceneViewController.swift */ = {isa = PBXFileReference; lastKnownFileType = sourcecode.swift; path = RecipeSceneViewController.swift; sourceTree = "<group>"; };
		4EECC9A326F6465E007779DE /* RecipeSceneViewController.xib */ = {isa = PBXFileReference; lastKnownFileType = file.xib; path = RecipeSceneViewController.xib; sourceTree = "<group>"; };
		4EECC9A526F646DC007779DE /* RecipeCollectionViewCell.swift */ = {isa = PBXFileReference; lastKnownFileType = sourcecode.swift; path = RecipeCollectionViewCell.swift; sourceTree = "<group>"; };
		4EECC9A626F646DC007779DE /* RecipeCollectionViewCell.xib */ = {isa = PBXFileReference; lastKnownFileType = file.xib; path = RecipeCollectionViewCell.xib; sourceTree = "<group>"; };
		4EECC9A926F648B5007779DE /* SceneWindowManager.swift */ = {isa = PBXFileReference; lastKnownFileType = sourcecode.swift; path = SceneWindowManager.swift; sourceTree = "<group>"; };
		4EECC9AB26F648D9007779DE /* RecipeSceneConfigurator.swift */ = {isa = PBXFileReference; lastKnownFileType = sourcecode.swift; path = RecipeSceneConfigurator.swift; sourceTree = "<group>"; };
		4EECC9AD26F64957007779DE /* RecipeSceneRouter.swift */ = {isa = PBXFileReference; lastKnownFileType = sourcecode.swift; path = RecipeSceneRouter.swift; sourceTree = "<group>"; };
		4EECC9B026F64E9A007779DE /* String+RemoveSpaces.swift */ = {isa = PBXFileReference; lastKnownFileType = sourcecode.swift; path = "String+RemoveSpaces.swift"; sourceTree = "<group>"; };
		4EECC9B726F66318007779DE /* RecipeDetailsSceneViewController.swift */ = {isa = PBXFileReference; lastKnownFileType = sourcecode.swift; path = RecipeDetailsSceneViewController.swift; sourceTree = "<group>"; };
		4EECC9B826F66318007779DE /* RecipeDetailsSceneViewController.xib */ = {isa = PBXFileReference; lastKnownFileType = file.xib; path = RecipeDetailsSceneViewController.xib; sourceTree = "<group>"; };
		4EECC9BC26F6830E007779DE /* RecipeDetailsSceneCollectionViewCell.swift */ = {isa = PBXFileReference; lastKnownFileType = sourcecode.swift; path = RecipeDetailsSceneCollectionViewCell.swift; sourceTree = "<group>"; };
		4EECC9BD26F6830E007779DE /* RecipeDetailsSceneCollectionViewCell.xib */ = {isa = PBXFileReference; lastKnownFileType = file.xib; path = RecipeDetailsSceneCollectionViewCell.xib; sourceTree = "<group>"; };
		4EECC9C126F693C9007779DE /* ErrorView.swift */ = {isa = PBXFileReference; lastKnownFileType = sourcecode.swift; path = ErrorView.swift; sourceTree = "<group>"; };
		4EECC9C326F693D8007779DE /* ErrorView.xib */ = {isa = PBXFileReference; lastKnownFileType = file.xib; path = ErrorView.xib; sourceTree = "<group>"; };
		4EECC9C726F69EEA007779DE /* Marley SpoonTests-Bridging-Header.h */ = {isa = PBXFileReference; lastKnownFileType = sourcecode.c.h; path = "Marley SpoonTests-Bridging-Header.h"; sourceTree = "<group>"; };
		4EECC9C826F69EEA007779DE /* RecipePresenterMock.swift */ = {isa = PBXFileReference; lastKnownFileType = sourcecode.swift; path = RecipePresenterMock.swift; sourceTree = "<group>"; };
		4EECC9CA26F69F66007779DE /* RecipeInteractorMock.swift */ = {isa = PBXFileReference; lastKnownFileType = sourcecode.swift; path = RecipeInteractorMock.swift; sourceTree = "<group>"; };
		4EECC9CC26F69F7A007779DE /* RecipeServiceMock.swift */ = {isa = PBXFileReference; lastKnownFileType = sourcecode.swift; path = RecipeServiceMock.swift; sourceTree = "<group>"; };
		4EECC9D426F6A0B1007779DE /* RecipesData.json */ = {isa = PBXFileReference; fileEncoding = 4; lastKnownFileType = text.json; path = RecipesData.json; sourceTree = "<group>"; };
		4EECC9D626F6A0BB007779DE /* ResponseMockHelper.swift */ = {isa = PBXFileReference; fileEncoding = 4; lastKnownFileType = sourcecode.swift; path = ResponseMockHelper.swift; sourceTree = "<group>"; };
		4EECC9DB26F6A1B8007779DE /* RecipesInteractorTests.swift */ = {isa = PBXFileReference; lastKnownFileType = sourcecode.swift; path = RecipesInteractorTests.swift; sourceTree = "<group>"; };
		4EECC9DE26F6A4D8007779DE /* RecipeItems.swift */ = {isa = PBXFileReference; lastKnownFileType = sourcecode.swift; path = RecipeItems.swift; sourceTree = "<group>"; };
		4EECC9E126F6A9D0007779DE /* RecipeViewMock.swift */ = {isa = PBXFileReference; lastKnownFileType = sourcecode.swift; path = RecipeViewMock.swift; sourceTree = "<group>"; };
		4EECC9E326F6B114007779DE /* RecipesPresenterTests.swift */ = {isa = PBXFileReference; lastKnownFileType = sourcecode.swift; path = RecipesPresenterTests.swift; sourceTree = "<group>"; };
		4EECC9E526F6B40C007779DE /* RecipeViewTests.swift */ = {isa = PBXFileReference; lastKnownFileType = sourcecode.swift; path = RecipeViewTests.swift; sourceTree = "<group>"; };
		5F00BBB6714A83B6E8F8A5C8 /* Pods_Marley_Spoon_Marley_SpoonUITests.framework */ = {isa = PBXFileReference; explicitFileType = wrapper.framework; includeInIndex = 0; path = Pods_Marley_Spoon_Marley_SpoonUITests.framework; sourceTree = BUILT_PRODUCTS_DIR; };
		9CED178F1846ED2966FFE2F1 /* Pods-Marley SpoonTests.debug.xcconfig */ = {isa = PBXFileReference; includeInIndex = 1; lastKnownFileType = text.xcconfig; name = "Pods-Marley SpoonTests.debug.xcconfig"; path = "Target Support Files/Pods-Marley SpoonTests/Pods-Marley SpoonTests.debug.xcconfig"; sourceTree = "<group>"; };
		A27B6C5A91FA0C2E01B1EAD1 /* Pods_Marley_SpoonTests.framework */ = {isa = PBXFileReference; explicitFileType = wrapper.framework; includeInIndex = 0; path = Pods_Marley_SpoonTests.framework; sourceTree = BUILT_PRODUCTS_DIR; };
		ADF9626157D5B934E5AF8CBC /* Pods-Marley Spoon-Marley SpoonUITests.release.xcconfig */ = {isa = PBXFileReference; includeInIndex = 1; lastKnownFileType = text.xcconfig; name = "Pods-Marley Spoon-Marley SpoonUITests.release.xcconfig"; path = "Target Support Files/Pods-Marley Spoon-Marley SpoonUITests/Pods-Marley Spoon-Marley SpoonUITests.release.xcconfig"; sourceTree = "<group>"; };
		B6C2A0577D2595A38CCFB4DD /* Pods-Marley Spoon.release.xcconfig */ = {isa = PBXFileReference; includeInIndex = 1; lastKnownFileType = text.xcconfig; name = "Pods-Marley Spoon.release.xcconfig"; path = "Target Support Files/Pods-Marley Spoon/Pods-Marley Spoon.release.xcconfig"; sourceTree = "<group>"; };
		BB7B20FB5612B97DB2D728B7 /* Pods-Marley SpoonTests.release.xcconfig */ = {isa = PBXFileReference; includeInIndex = 1; lastKnownFileType = text.xcconfig; name = "Pods-Marley SpoonTests.release.xcconfig"; path = "Target Support Files/Pods-Marley SpoonTests/Pods-Marley SpoonTests.release.xcconfig"; sourceTree = "<group>"; };
		E6934E1E9D0F01AD7397AABB /* Pods-Marley Spoon-Marley SpoonUITests.debug.xcconfig */ = {isa = PBXFileReference; includeInIndex = 1; lastKnownFileType = text.xcconfig; name = "Pods-Marley Spoon-Marley SpoonUITests.debug.xcconfig"; path = "Target Support Files/Pods-Marley Spoon-Marley SpoonUITests/Pods-Marley Spoon-Marley SpoonUITests.debug.xcconfig"; sourceTree = "<group>"; };
/* End PBXFileReference section */

/* Begin PBXFrameworksBuildPhase section */
		4E410DBB26F0B72C00541749 /* Frameworks */ = {
			isa = PBXFrameworksBuildPhase;
			buildActionMask = 2147483647;
			files = (
				E88EE1A1D6AE3F3EA25990FC /* Pods_Marley_Spoon.framework in Frameworks */,
			);
			runOnlyForDeploymentPostprocessing = 0;
		};
		4E410DD426F0B72D00541749 /* Frameworks */ = {
			isa = PBXFrameworksBuildPhase;
			buildActionMask = 2147483647;
			files = (
				3AA3663D3B175330B562B024 /* Pods_Marley_SpoonTests.framework in Frameworks */,
			);
			runOnlyForDeploymentPostprocessing = 0;
		};
		4E410DDF26F0B72D00541749 /* Frameworks */ = {
			isa = PBXFrameworksBuildPhase;
			buildActionMask = 2147483647;
			files = (
				DE37D17FA827B7223248007F /* Pods_Marley_Spoon_Marley_SpoonUITests.framework in Frameworks */,
			);
			runOnlyForDeploymentPostprocessing = 0;
		};
/* End PBXFrameworksBuildPhase section */

/* Begin PBXGroup section */
		4E410DB526F0B72C00541749 = {
			isa = PBXGroup;
			children = (
				4E410DC026F0B72C00541749 /* Marley Spoon */,
				4E410DDA26F0B72D00541749 /* Marley SpoonTests */,
				4E410DE526F0B72D00541749 /* Marley SpoonUITests */,
				4E410DBF26F0B72C00541749 /* Products */,
				63EA2F3C72C3EDE8B30DE0DF /* Pods */,
				6A81A9A159ECE27E831B8269 /* Frameworks */,
			);
			sourceTree = "<group>";
		};
		4E410DBF26F0B72C00541749 /* Products */ = {
			isa = PBXGroup;
			children = (
				4E410DBE26F0B72C00541749 /* Marley Spoon.app */,
				4E410DD726F0B72D00541749 /* Marley SpoonTests.xctest */,
				4E410DE226F0B72D00541749 /* Marley SpoonUITests.xctest */,
			);
			name = Products;
			sourceTree = "<group>";
		};
		4E410DC026F0B72C00541749 /* Marley Spoon */ = {
			isa = PBXGroup;
			children = (
				4EECC97C26F3C001007779DE /* App */,
				4EECC97D26F3C07F007779DE /* Network */,
				4E410DF426F0C2D200541749 /* Domain */,
				4EECC98726F63830007779DE /* Modules */,
				4E410DCD26F0B72D00541749 /* Assets.xcassets */,
				4E410DCF26F0B72D00541749 /* LaunchScreen.storyboard */,
				4E410DD226F0B72D00541749 /* Info.plist */,
			);
			path = "Marley Spoon";
			sourceTree = "<group>";
		};
		4E410DDA26F0B72D00541749 /* Marley SpoonTests */ = {
			isa = PBXGroup;
			children = (
				4EECC9E026F6A95A007779DE /* Helpers */,
				4E92234C26F7685500A9C359 /* FAQModuleTests */,
				4EECC9C526F69B2E007779DE /* RecipeModuleTests */,
				4E410DDD26F0B72D00541749 /* Info.plist */,
			);
			path = "Marley SpoonTests";
			sourceTree = "<group>";
		};
		4E410DE526F0B72D00541749 /* Marley SpoonUITests */ = {
			isa = PBXGroup;
			children = (
				4E92231D26F71D7F00A9C359 /* Support */,
				4E410DE826F0B72D00541749 /* Info.plist */,
				4E92231B26F71C8300A9C359 /* RecipeModuleUITests.swift */,
				4E92232026F7288A00A9C359 /* RecipeDetailsModuleUITests.swift */,
			);
			path = "Marley SpoonUITests";
			sourceTree = "<group>";
		};
		4E410DF426F0C2D200541749 /* Domain */ = {
			isa = PBXGroup;
			children = (
				4E92232326F738B500A9C359 /* Faq */,
				4E92232226F7387E00A9C359 /* Recipe */,
			);
			path = Domain;
			sourceTree = "<group>";
		};
		4E92231D26F71D7F00A9C359 /* Support */ = {
			isa = PBXGroup;
			children = (
				4E92231E26F71D9B00A9C359 /* AccessibilityIdsReference.swift */,
			);
			path = Support;
			sourceTree = "<group>";
		};
		4E92232226F7387E00A9C359 /* Recipe */ = {
			isa = PBXGroup;
			children = (
				4E410DF526F0C44000541749 /* Recipe.swift */,
				4EECC98326F3C37E007779DE /* Chef.swift */,
				4EECC98526F3C413007779DE /* Tag.swift */,
			);
			path = Recipe;
			sourceTree = "<group>";
		};
		4E92232326F738B500A9C359 /* Faq */ = {
			isa = PBXGroup;
			children = (
				4E92232426F73A0B00A9C359 /* FAQSectionItem.swift */,
				4E92232626F73B9F00A9C359 /* FAQSection.swift */,
			);
			path = Faq;
			sourceTree = "<group>";
		};
		4E92232826F73EF000A9C359 /* Service */ = {
			isa = PBXGroup;
			children = (
				4E92232926F73EFB00A9C359 /* FAQ */,
				4EECC98D26F638AD007779DE /* Recipe */,
			);
			path = Service;
			sourceTree = "<group>";
		};
		4E92232926F73EFB00A9C359 /* FAQ */ = {
			isa = PBXGroup;
			children = (
				4E92232A26F73F0900A9C359 /* FAQService.swift */,
			);
			path = FAQ;
			sourceTree = "<group>";
		};
		4E92232C26F73F6300A9C359 /* FAQScene */ = {
			isa = PBXGroup;
			children = (
				4E96DF7326F7A0BD00BD67D9 /* Custom */,
				4E92233A26F74D5A00A9C359 /* Cell */,
				4E92232D26F73F8B00A9C359 /* Worker */,
				4E92232E26F73F9A00A9C359 /* FAQProtocols.swift */,
				4E92233026F73FE900A9C359 /* FAQScene.swift */,
				4E92233226F7432000A9C359 /* FAQSceneInteractor.swift */,
				4E92233426F7440000A9C359 /* FAQScenePresenter.swift */,
				4E92233626F74C9900A9C359 /* FAQSceneViewController.swift */,
				4E92233726F74C9900A9C359 /* FAQSceneViewController.xib */,
				4E92233F26F7562700A9C359 /* FAQSceneConfigurator.swift */,
			);
			path = FAQScene;
			sourceTree = "<group>";
		};
		4E92232D26F73F8B00A9C359 /* Worker */ = {
			isa = PBXGroup;
			children = (
				4E92234126F7566200A9C359 /* FAQSceneWorker.swift */,
			);
			path = Worker;
			sourceTree = "<group>";
		};
		4E92233A26F74D5A00A9C359 /* Cell */ = {
			isa = PBXGroup;
			children = (
				4E92233B26F74D7700A9C359 /* FAQSceneTableViewCell.swift */,
				4E92233C26F74D7700A9C359 /* FAQSceneTableViewCell.xib */,
			);
			path = Cell;
			sourceTree = "<group>";
		};
		4E92234526F7587C00A9C359 /* TabViewController */ = {
			isa = PBXGroup;
			children = (
				4E92234326F7587800A9C359 /* TabViewController.storyboard */,
				4E92234826F75A3D00A9C359 /* TabBarViewController.swift */,
			);
			path = TabViewController;
			sourceTree = "<group>";
		};
		4E92234C26F7685500A9C359 /* FAQModuleTests */ = {
			isa = PBXGroup;
			children = (
				4E92234E26F7692900A9C359 /* Classes */,
				4E92234D26F7692400A9C359 /* Support */,
			);
			path = FAQModuleTests;
			sourceTree = "<group>";
		};
		4E92234D26F7692400A9C359 /* Support */ = {
			isa = PBXGroup;
			children = (
				4E92235326F76A0400A9C359 /* Data */,
				4E92234F26F7695C00A9C359 /* FAQPresenterMock.swift */,
				4E92235126F769D300A9C359 /* FAQServiceMock.swift */,
				4E92235A26F76A8600A9C359 /* FAQInteractorMock.swift */,
				4E92235C26F76AFD00A9C359 /* FAQViewMock.swift */,
			);
			path = Support;
			sourceTree = "<group>";
		};
		4E92234E26F7692900A9C359 /* Classes */ = {
			isa = PBXGroup;
			children = (
				4E92235E26F76B5900A9C359 /* FAQInteractorTests.swift */,
				4E92236026F76C4E00A9C359 /* FAQPresenterTests.swift */,
				4E92236226F76D9400A9C359 /* FAQViewTests.swift */,
			);
			path = Classes;
			sourceTree = "<group>";
		};
		4E92235326F76A0400A9C359 /* Data */ = {
			isa = PBXGroup;
			children = (
				4E92235826F76A6200A9C359 /* FAQData.json */,
				4E92235426F76A1100A9C359 /* FAQItems.swift */,
			);
			path = Data;
			sourceTree = "<group>";
		};
		4E96DF7326F7A0BD00BD67D9 /* Custom */ = {
			isa = PBXGroup;
			children = (
				4E96DF7426F7A0D900BD67D9 /* FAQHeaderView.swift */,
				4E96DF7626F7A0EA00BD67D9 /* FAQHeaderView.xib */,
			);
			path = Custom;
			sourceTree = "<group>";
		};
		4EECC97C26F3C001007779DE /* App */ = {
			isa = PBXGroup;
			children = (
				4EECC9AF26F64E86007779DE /* Extensions */,
				4E410DC126F0B72C00541749 /* AppDelegate.swift */,
				4E410DC326F0B72C00541749 /* SceneDelegate.swift */,
				4EECC97A26F3BFF6007779DE /* Credentials.xcconfig */,
				4EECC9A926F648B5007779DE /* SceneWindowManager.swift */,
			);
			path = App;
			sourceTree = "<group>";
		};
		4EECC97D26F3C07F007779DE /* Network */ = {
			isa = PBXGroup;
			children = (
				4EECC99326F63B3E007779DE /* Base */,
				4E92232826F73EF000A9C359 /* Service */,
				4EECC97E26F3C087007779DE /* Contentful */,
			);
			path = Network;
			sourceTree = "<group>";
		};
		4EECC97E26F3C087007779DE /* Contentful */ = {
			isa = PBXGroup;
			children = (
				4EECC97F26F3C0A0007779DE /* ContentfulProvider.swift */,
				4EECC98126F3C0FC007779DE /* ContentfulCredentials.swift */,
			);
			path = Contentful;
			sourceTree = "<group>";
		};
		4EECC98726F63830007779DE /* Modules */ = {
			isa = PBXGroup;
			children = (
				4E92234526F7587C00A9C359 /* TabViewController */,
				4EECC9C026F693AB007779DE /* Shared */,
				4EECC98A26F63865007779DE /* Recipe */,
				4E92232C26F73F6300A9C359 /* FAQScene */,
			);
			path = Modules;
			sourceTree = "<group>";
		};
		4EECC98826F63854007779DE /* Worker */ = {
			isa = PBXGroup;
			children = (
				4EECC98B26F63895007779DE /* RecipeWorker.swift */,
			);
			path = Worker;
			sourceTree = "<group>";
		};
		4EECC98926F6385A007779DE /* RecipeScene */ = {
			isa = PBXGroup;
			children = (
				4EECC9A226F64637007779DE /* Cell */,
				4EECC99626F63BD6007779DE /* RecipeProtocols.swift */,
				4EECC99826F63C38007779DE /* RecipeScene.swift */,
				4EECC99A26F640A5007779DE /* RecipeSceneInteractor.swift */,
				4EECC99C26F6423C007779DE /* RecipeScenePresenter.swift */,
				4EECC9A026F64612007779DE /* RecipeSceneViewController.swift */,
				4EECC9A326F6465E007779DE /* RecipeSceneViewController.xib */,
				4EECC9AD26F64957007779DE /* RecipeSceneRouter.swift */,
				4EECC9AB26F648D9007779DE /* RecipeSceneConfigurator.swift */,
			);
			path = RecipeScene;
			sourceTree = "<group>";
		};
		4EECC98A26F63865007779DE /* Recipe */ = {
			isa = PBXGroup;
			children = (
				4EECC98826F63854007779DE /* Worker */,
				4EECC98926F6385A007779DE /* RecipeScene */,
				4EECC9B526F661C8007779DE /* RecipeDetails */,
			);
			path = Recipe;
			sourceTree = "<group>";
		};
		4EECC98D26F638AD007779DE /* Recipe */ = {
			isa = PBXGroup;
			children = (
				4EECC98E26F638C2007779DE /* RecipeService.swift */,
			);
			path = Recipe;
			sourceTree = "<group>";
		};
		4EECC99326F63B3E007779DE /* Base */ = {
			isa = PBXGroup;
			children = (
				4EECC99126F639A8007779DE /* NetworkService.swift */,
				4EECC99426F63B4C007779DE /* NetworkError.swift */,
			);
			path = Base;
			sourceTree = "<group>";
		};
		4EECC9A226F64637007779DE /* Cell */ = {
			isa = PBXGroup;
			children = (
				4EECC9A526F646DC007779DE /* RecipeCollectionViewCell.swift */,
				4EECC9A626F646DC007779DE /* RecipeCollectionViewCell.xib */,
			);
			path = Cell;
			sourceTree = "<group>";
		};
		4EECC9AF26F64E86007779DE /* Extensions */ = {
			isa = PBXGroup;
			children = (
				4EECC9B026F64E9A007779DE /* String+RemoveSpaces.swift */,
				4E92234A26F75F4100A9C359 /* UIViewController+Progress.swift */,
			);
			path = Extensions;
			sourceTree = "<group>";
		};
		4EECC9B526F661C8007779DE /* RecipeDetails */ = {
			isa = PBXGroup;
			children = (
				4EECC9B626F662E8007779DE /* RecipeDetailsScene */,
			);
			path = RecipeDetails;
			sourceTree = "<group>";
		};
		4EECC9B626F662E8007779DE /* RecipeDetailsScene */ = {
			isa = PBXGroup;
			children = (
				4EECC9BB26F682F1007779DE /* Cell */,
				4EECC9B726F66318007779DE /* RecipeDetailsSceneViewController.swift */,
				4EECC9B826F66318007779DE /* RecipeDetailsSceneViewController.xib */,
			);
			path = RecipeDetailsScene;
			sourceTree = "<group>";
		};
		4EECC9BB26F682F1007779DE /* Cell */ = {
			isa = PBXGroup;
			children = (
				4EECC9BC26F6830E007779DE /* RecipeDetailsSceneCollectionViewCell.swift */,
				4EECC9BD26F6830E007779DE /* RecipeDetailsSceneCollectionViewCell.xib */,
			);
			path = Cell;
			sourceTree = "<group>";
		};
		4EECC9C026F693AB007779DE /* Shared */ = {
			isa = PBXGroup;
			children = (
				4EECC9C126F693C9007779DE /* ErrorView.swift */,
				4EECC9C326F693D8007779DE /* ErrorView.xib */,
			);
			path = Shared;
			sourceTree = "<group>";
		};
		4EECC9C526F69B2E007779DE /* RecipeModuleTests */ = {
			isa = PBXGroup;
			children = (
				4EECC9D826F6A172007779DE /* Classes */,
				4EECC9C626F69DAC007779DE /* Support */,
			);
			path = RecipeModuleTests;
			sourceTree = "<group>";
		};
		4EECC9C626F69DAC007779DE /* Support */ = {
			isa = PBXGroup;
			children = (
				4EECC9C726F69EEA007779DE /* Marley SpoonTests-Bridging-Header.h */,
				4EECC9DD26F6A4C6007779DE /* Data */,
				4EECC9C826F69EEA007779DE /* RecipePresenterMock.swift */,
				4EECC9CA26F69F66007779DE /* RecipeInteractorMock.swift */,
				4EECC9CC26F69F7A007779DE /* RecipeServiceMock.swift */,
				4EECC9E126F6A9D0007779DE /* RecipeViewMock.swift */,
			);
			path = Support;
			sourceTree = "<group>";
		};
		4EECC9D826F6A172007779DE /* Classes */ = {
			isa = PBXGroup;
			children = (
				4EECC9DB26F6A1B8007779DE /* RecipesInteractorTests.swift */,
				4EECC9E326F6B114007779DE /* RecipesPresenterTests.swift */,
				4EECC9E526F6B40C007779DE /* RecipeViewTests.swift */,
			);
			path = Classes;
			sourceTree = "<group>";
		};
		4EECC9DD26F6A4C6007779DE /* Data */ = {
			isa = PBXGroup;
			children = (
				4EECC9D426F6A0B1007779DE /* RecipesData.json */,
				4EECC9DE26F6A4D8007779DE /* RecipeItems.swift */,
			);
			path = Data;
			sourceTree = "<group>";
		};
		4EECC9E026F6A95A007779DE /* Helpers */ = {
			isa = PBXGroup;
			children = (
				4EECC9D626F6A0BB007779DE /* ResponseMockHelper.swift */,
			);
			path = Helpers;
			sourceTree = "<group>";
		};
		63EA2F3C72C3EDE8B30DE0DF /* Pods */ = {
			isa = PBXGroup;
			children = (
				11F6D897D55091E8071D0150 /* Pods-Marley Spoon.debug.xcconfig */,
				B6C2A0577D2595A38CCFB4DD /* Pods-Marley Spoon.release.xcconfig */,
				E6934E1E9D0F01AD7397AABB /* Pods-Marley Spoon-Marley SpoonUITests.debug.xcconfig */,
				ADF9626157D5B934E5AF8CBC /* Pods-Marley Spoon-Marley SpoonUITests.release.xcconfig */,
				9CED178F1846ED2966FFE2F1 /* Pods-Marley SpoonTests.debug.xcconfig */,
				BB7B20FB5612B97DB2D728B7 /* Pods-Marley SpoonTests.release.xcconfig */,
			);
			path = Pods;
			sourceTree = "<group>";
		};
		6A81A9A159ECE27E831B8269 /* Frameworks */ = {
			isa = PBXGroup;
			children = (
				07D8257E3FADE5757F2BCDC3 /* Pods_Marley_Spoon.framework */,
				5F00BBB6714A83B6E8F8A5C8 /* Pods_Marley_Spoon_Marley_SpoonUITests.framework */,
				A27B6C5A91FA0C2E01B1EAD1 /* Pods_Marley_SpoonTests.framework */,
			);
			name = Frameworks;
			sourceTree = "<group>";
		};
/* End PBXGroup section */

/* Begin PBXNativeTarget section */
		4E410DBD26F0B72C00541749 /* Marley Spoon */ = {
			isa = PBXNativeTarget;
			buildConfigurationList = 4E410DEB26F0B72D00541749 /* Build configuration list for PBXNativeTarget "Marley Spoon" */;
			buildPhases = (
				724BF7F834BB8A68CBFA4775 /* [CP] Check Pods Manifest.lock */,
				4E410DBA26F0B72C00541749 /* Sources */,
				4E410DBB26F0B72C00541749 /* Frameworks */,
				4E410DBC26F0B72C00541749 /* Resources */,
				9F7C44BB1AE5BC557F9FC574 /* [CP] Embed Pods Frameworks */,
			);
			buildRules = (
			);
			dependencies = (
			);
			name = "Marley Spoon";
			productName = "Marley Spoon";
			productReference = 4E410DBE26F0B72C00541749 /* Marley Spoon.app */;
			productType = "com.apple.product-type.application";
		};
		4E410DD626F0B72D00541749 /* Marley SpoonTests */ = {
			isa = PBXNativeTarget;
			buildConfigurationList = 4E410DEE26F0B72D00541749 /* Build configuration list for PBXNativeTarget "Marley SpoonTests" */;
			buildPhases = (
				083EB8C7E92CDF93F8133E64 /* [CP] Check Pods Manifest.lock */,
				4E410DD326F0B72D00541749 /* Sources */,
				4E410DD426F0B72D00541749 /* Frameworks */,
				4E410DD526F0B72D00541749 /* Resources */,
			);
			buildRules = (
			);
			dependencies = (
				4E410DD926F0B72D00541749 /* PBXTargetDependency */,
			);
			name = "Marley SpoonTests";
			productName = "Marley SpoonTests";
			productReference = 4E410DD726F0B72D00541749 /* Marley SpoonTests.xctest */;
			productType = "com.apple.product-type.bundle.unit-test";
		};
		4E410DE126F0B72D00541749 /* Marley SpoonUITests */ = {
			isa = PBXNativeTarget;
			buildConfigurationList = 4E410DF126F0B72D00541749 /* Build configuration list for PBXNativeTarget "Marley SpoonUITests" */;
			buildPhases = (
				F090FFC285B76E554119DD2A /* [CP] Check Pods Manifest.lock */,
				4E410DDE26F0B72D00541749 /* Sources */,
				4E410DDF26F0B72D00541749 /* Frameworks */,
				4E410DE026F0B72D00541749 /* Resources */,
				B4903DF85A46EF1EF4A55C1E /* [CP] Embed Pods Frameworks */,
			);
			buildRules = (
			);
			dependencies = (
				4E410DE426F0B72D00541749 /* PBXTargetDependency */,
			);
			name = "Marley SpoonUITests";
			productName = "Marley SpoonUITests";
			productReference = 4E410DE226F0B72D00541749 /* Marley SpoonUITests.xctest */;
			productType = "com.apple.product-type.bundle.ui-testing";
		};
/* End PBXNativeTarget section */

/* Begin PBXProject section */
		4E410DB626F0B72C00541749 /* Project object */ = {
			isa = PBXProject;
			attributes = {
				LastSwiftUpdateCheck = 1250;
				LastUpgradeCheck = 1250;
				TargetAttributes = {
					4E410DBD26F0B72C00541749 = {
						CreatedOnToolsVersion = 12.5.1;
					};
					4E410DD626F0B72D00541749 = {
						CreatedOnToolsVersion = 12.5.1;
						LastSwiftMigration = 1250;
						TestTargetID = 4E410DBD26F0B72C00541749;
					};
					4E410DE126F0B72D00541749 = {
						CreatedOnToolsVersion = 12.5.1;
						TestTargetID = 4E410DBD26F0B72C00541749;
					};
				};
			};
			buildConfigurationList = 4E410DB926F0B72C00541749 /* Build configuration list for PBXProject "Marley Spoon" */;
			compatibilityVersion = "Xcode 9.3";
			developmentRegion = en;
			hasScannedForEncodings = 0;
			knownRegions = (
				en,
				Base,
			);
			mainGroup = 4E410DB526F0B72C00541749;
			productRefGroup = 4E410DBF26F0B72C00541749 /* Products */;
			projectDirPath = "";
			projectRoot = "";
			targets = (
				4E410DBD26F0B72C00541749 /* Marley Spoon */,
				4E410DD626F0B72D00541749 /* Marley SpoonTests */,
				4E410DE126F0B72D00541749 /* Marley SpoonUITests */,
			);
		};
/* End PBXProject section */

/* Begin PBXResourcesBuildPhase section */
		4E410DBC26F0B72C00541749 /* Resources */ = {
			isa = PBXResourcesBuildPhase;
			buildActionMask = 2147483647;
			files = (
				4E92233926F74C9900A9C359 /* FAQSceneViewController.xib in Resources */,
				4EECC9BF26F6830E007779DE /* RecipeDetailsSceneCollectionViewCell.xib in Resources */,
				4E92233E26F74D7700A9C359 /* FAQSceneTableViewCell.xib in Resources */,
				4EECC9A826F646DC007779DE /* RecipeCollectionViewCell.xib in Resources */,
				4EECC9A426F6465E007779DE /* RecipeSceneViewController.xib in Resources */,
				4E92234426F7587800A9C359 /* TabViewController.storyboard in Resources */,
				4E410DD126F0B72D00541749 /* LaunchScreen.storyboard in Resources */,
				4EECC9C426F693D8007779DE /* ErrorView.xib in Resources */,
				4EECC9BA26F66318007779DE /* RecipeDetailsSceneViewController.xib in Resources */,
				4E410DCE26F0B72D00541749 /* Assets.xcassets in Resources */,
				4E96DF7726F7A0EA00BD67D9 /* FAQHeaderView.xib in Resources */,
			);
			runOnlyForDeploymentPostprocessing = 0;
		};
		4E410DD526F0B72D00541749 /* Resources */ = {
			isa = PBXResourcesBuildPhase;
			buildActionMask = 2147483647;
			files = (
				4EECC9D526F6A0B1007779DE /* RecipesData.json in Resources */,
				4E92235926F76A6200A9C359 /* FAQData.json in Resources */,
			);
			runOnlyForDeploymentPostprocessing = 0;
		};
		4E410DE026F0B72D00541749 /* Resources */ = {
			isa = PBXResourcesBuildPhase;
			buildActionMask = 2147483647;
			files = (
			);
			runOnlyForDeploymentPostprocessing = 0;
		};
/* End PBXResourcesBuildPhase section */

/* Begin PBXShellScriptBuildPhase section */
		083EB8C7E92CDF93F8133E64 /* [CP] Check Pods Manifest.lock */ = {
			isa = PBXShellScriptBuildPhase;
			buildActionMask = 2147483647;
			files = (
			);
			inputFileListPaths = (
			);
			inputPaths = (
				"${PODS_PODFILE_DIR_PATH}/Podfile.lock",
				"${PODS_ROOT}/Manifest.lock",
			);
			name = "[CP] Check Pods Manifest.lock";
			outputFileListPaths = (
			);
			outputPaths = (
				"$(DERIVED_FILE_DIR)/Pods-Marley SpoonTests-checkManifestLockResult.txt",
			);
			runOnlyForDeploymentPostprocessing = 0;
			shellPath = /bin/sh;
			shellScript = "diff \"${PODS_PODFILE_DIR_PATH}/Podfile.lock\" \"${PODS_ROOT}/Manifest.lock\" > /dev/null\nif [ $? != 0 ] ; then\n    # print error to STDERR\n    echo \"error: The sandbox is not in sync with the Podfile.lock. Run 'pod install' or update your CocoaPods installation.\" >&2\n    exit 1\nfi\n# This output is used by Xcode 'outputs' to avoid re-running this script phase.\necho \"SUCCESS\" > \"${SCRIPT_OUTPUT_FILE_0}\"\n";
			showEnvVarsInLog = 0;
		};
		724BF7F834BB8A68CBFA4775 /* [CP] Check Pods Manifest.lock */ = {
			isa = PBXShellScriptBuildPhase;
			buildActionMask = 2147483647;
			files = (
			);
			inputFileListPaths = (
			);
			inputPaths = (
				"${PODS_PODFILE_DIR_PATH}/Podfile.lock",
				"${PODS_ROOT}/Manifest.lock",
			);
			name = "[CP] Check Pods Manifest.lock";
			outputFileListPaths = (
			);
			outputPaths = (
				"$(DERIVED_FILE_DIR)/Pods-Marley Spoon-checkManifestLockResult.txt",
			);
			runOnlyForDeploymentPostprocessing = 0;
			shellPath = /bin/sh;
			shellScript = "diff \"${PODS_PODFILE_DIR_PATH}/Podfile.lock\" \"${PODS_ROOT}/Manifest.lock\" > /dev/null\nif [ $? != 0 ] ; then\n    # print error to STDERR\n    echo \"error: The sandbox is not in sync with the Podfile.lock. Run 'pod install' or update your CocoaPods installation.\" >&2\n    exit 1\nfi\n# This output is used by Xcode 'outputs' to avoid re-running this script phase.\necho \"SUCCESS\" > \"${SCRIPT_OUTPUT_FILE_0}\"\n";
			showEnvVarsInLog = 0;
		};
		9F7C44BB1AE5BC557F9FC574 /* [CP] Embed Pods Frameworks */ = {
			isa = PBXShellScriptBuildPhase;
			buildActionMask = 2147483647;
			files = (
			);
			inputFileListPaths = (
				"${PODS_ROOT}/Target Support Files/Pods-Marley Spoon/Pods-Marley Spoon-frameworks-${CONFIGURATION}-input-files.xcfilelist",
			);
			name = "[CP] Embed Pods Frameworks";
			outputFileListPaths = (
				"${PODS_ROOT}/Target Support Files/Pods-Marley Spoon/Pods-Marley Spoon-frameworks-${CONFIGURATION}-output-files.xcfilelist",
			);
			runOnlyForDeploymentPostprocessing = 0;
			shellPath = /bin/sh;
			shellScript = "\"${PODS_ROOT}/Target Support Files/Pods-Marley Spoon/Pods-Marley Spoon-frameworks.sh\"\n";
			showEnvVarsInLog = 0;
		};
		B4903DF85A46EF1EF4A55C1E /* [CP] Embed Pods Frameworks */ = {
			isa = PBXShellScriptBuildPhase;
			buildActionMask = 2147483647;
			files = (
			);
			inputFileListPaths = (
				"${PODS_ROOT}/Target Support Files/Pods-Marley Spoon-Marley SpoonUITests/Pods-Marley Spoon-Marley SpoonUITests-frameworks-${CONFIGURATION}-input-files.xcfilelist",
			);
			name = "[CP] Embed Pods Frameworks";
			outputFileListPaths = (
				"${PODS_ROOT}/Target Support Files/Pods-Marley Spoon-Marley SpoonUITests/Pods-Marley Spoon-Marley SpoonUITests-frameworks-${CONFIGURATION}-output-files.xcfilelist",
			);
			runOnlyForDeploymentPostprocessing = 0;
			shellPath = /bin/sh;
			shellScript = "\"${PODS_ROOT}/Target Support Files/Pods-Marley Spoon-Marley SpoonUITests/Pods-Marley Spoon-Marley SpoonUITests-frameworks.sh\"\n";
			showEnvVarsInLog = 0;
		};
		F090FFC285B76E554119DD2A /* [CP] Check Pods Manifest.lock */ = {
			isa = PBXShellScriptBuildPhase;
			buildActionMask = 2147483647;
			files = (
			);
			inputFileListPaths = (
			);
			inputPaths = (
				"${PODS_PODFILE_DIR_PATH}/Podfile.lock",
				"${PODS_ROOT}/Manifest.lock",
			);
			name = "[CP] Check Pods Manifest.lock";
			outputFileListPaths = (
			);
			outputPaths = (
				"$(DERIVED_FILE_DIR)/Pods-Marley Spoon-Marley SpoonUITests-checkManifestLockResult.txt",
			);
			runOnlyForDeploymentPostprocessing = 0;
			shellPath = /bin/sh;
			shellScript = "diff \"${PODS_PODFILE_DIR_PATH}/Podfile.lock\" \"${PODS_ROOT}/Manifest.lock\" > /dev/null\nif [ $? != 0 ] ; then\n    # print error to STDERR\n    echo \"error: The sandbox is not in sync with the Podfile.lock. Run 'pod install' or update your CocoaPods installation.\" >&2\n    exit 1\nfi\n# This output is used by Xcode 'outputs' to avoid re-running this script phase.\necho \"SUCCESS\" > \"${SCRIPT_OUTPUT_FILE_0}\"\n";
			showEnvVarsInLog = 0;
		};
/* End PBXShellScriptBuildPhase section */

/* Begin PBXSourcesBuildPhase section */
		4E410DBA26F0B72C00541749 /* Sources */ = {
			isa = PBXSourcesBuildPhase;
			buildActionMask = 2147483647;
			files = (
				4EECC9C226F693C9007779DE /* ErrorView.swift in Sources */,
				4EECC9BE26F6830E007779DE /* RecipeDetailsSceneCollectionViewCell.swift in Sources */,
				4EECC9AE26F64957007779DE /* RecipeSceneRouter.swift in Sources */,
				4EECC9A726F646DC007779DE /* RecipeCollectionViewCell.swift in Sources */,
				4E92234926F75A3D00A9C359 /* TabBarViewController.swift in Sources */,
				4EECC99D26F6423C007779DE /* RecipeScenePresenter.swift in Sources */,
				4E92234B26F75F4100A9C359 /* UIViewController+Progress.swift in Sources */,
				4EECC99226F639A8007779DE /* NetworkService.swift in Sources */,
				4E92232F26F73F9A00A9C359 /* FAQProtocols.swift in Sources */,
				4E92233D26F74D7700A9C359 /* FAQSceneTableViewCell.swift in Sources */,
				4E92234026F7562700A9C359 /* FAQSceneConfigurator.swift in Sources */,
				4EECC99B26F640A5007779DE /* RecipeSceneInteractor.swift in Sources */,
				4EECC9A126F64612007779DE /* RecipeSceneViewController.swift in Sources */,
				4E92234226F7566200A9C359 /* FAQSceneWorker.swift in Sources */,
				4EECC98226F3C0FC007779DE /* ContentfulCredentials.swift in Sources */,
				4E92233126F73FE900A9C359 /* FAQScene.swift in Sources */,
				4EECC99926F63C38007779DE /* RecipeScene.swift in Sources */,
				4EECC98426F3C37E007779DE /* Chef.swift in Sources */,
				4E92233326F7432000A9C359 /* FAQSceneInteractor.swift in Sources */,
				4E410DF626F0C44000541749 /* Recipe.swift in Sources */,
				4E410DC226F0B72C00541749 /* AppDelegate.swift in Sources */,
				4EECC98626F3C413007779DE /* Tag.swift in Sources */,
				4EECC98026F3C0A0007779DE /* ContentfulProvider.swift in Sources */,
				4EECC9B926F66318007779DE /* RecipeDetailsSceneViewController.swift in Sources */,
				4EECC9AC26F648D9007779DE /* RecipeSceneConfigurator.swift in Sources */,
				4E92232526F73A0B00A9C359 /* FAQSectionItem.swift in Sources */,
				4E96DF7526F7A0D900BD67D9 /* FAQHeaderView.swift in Sources */,
				4EECC98F26F638C2007779DE /* RecipeService.swift in Sources */,
				4EECC99726F63BD6007779DE /* RecipeProtocols.swift in Sources */,
				4E92232726F73B9F00A9C359 /* FAQSection.swift in Sources */,
				4EECC99526F63B4C007779DE /* NetworkError.swift in Sources */,
				4E410DC426F0B72C00541749 /* SceneDelegate.swift in Sources */,
				4E92233526F7440000A9C359 /* FAQScenePresenter.swift in Sources */,
				4E92232B26F73F0900A9C359 /* FAQService.swift in Sources */,
				4E92233826F74C9900A9C359 /* FAQSceneViewController.swift in Sources */,
				4EECC9B126F64E9A007779DE /* String+RemoveSpaces.swift in Sources */,
				4EECC9AA26F648B5007779DE /* SceneWindowManager.swift in Sources */,
				4EECC98C26F63895007779DE /* RecipeWorker.swift in Sources */,
			);
			runOnlyForDeploymentPostprocessing = 0;
		};
		4E410DD326F0B72D00541749 /* Sources */ = {
			isa = PBXSourcesBuildPhase;
			buildActionMask = 2147483647;
			files = (
				4EECC9E226F6A9D0007779DE /* RecipeViewMock.swift in Sources */,
				4EECC9CB26F69F66007779DE /* RecipeInteractorMock.swift in Sources */,
				4EECC9D726F6A0BB007779DE /* ResponseMockHelper.swift in Sources */,
				4EECC9DC26F6A1B8007779DE /* RecipesInteractorTests.swift in Sources */,
				4EECC9E426F6B114007779DE /* RecipesPresenterTests.swift in Sources */,
				4E92236326F76D9400A9C359 /* FAQViewTests.swift in Sources */,
				4E92236126F76C4E00A9C359 /* FAQPresenterTests.swift in Sources */,
				4EECC9CD26F69F7A007779DE /* RecipeServiceMock.swift in Sources */,
				4E92235226F769D300A9C359 /* FAQServiceMock.swift in Sources */,
				4EECC9DF26F6A4D8007779DE /* RecipeItems.swift in Sources */,
				4E92235026F7695C00A9C359 /* FAQPresenterMock.swift in Sources */,
				4E92235D26F76AFD00A9C359 /* FAQViewMock.swift in Sources */,
				4E92235B26F76A8600A9C359 /* FAQInteractorMock.swift in Sources */,
				4E92235F26F76B5900A9C359 /* FAQInteractorTests.swift in Sources */,
				4EECC9C926F69EEA007779DE /* RecipePresenterMock.swift in Sources */,
				4EECC9E626F6B40C007779DE /* RecipeViewTests.swift in Sources */,
				4E92235526F76A1100A9C359 /* FAQItems.swift in Sources */,
			);
			runOnlyForDeploymentPostprocessing = 0;
		};
		4E410DDE26F0B72D00541749 /* Sources */ = {
			isa = PBXSourcesBuildPhase;
			buildActionMask = 2147483647;
			files = (
				4E92232126F7288A00A9C359 /* RecipeDetailsModuleUITests.swift in Sources */,
				4E92231F26F71D9B00A9C359 /* AccessibilityIdsReference.swift in Sources */,
				4E92231C26F71C8300A9C359 /* RecipeModuleUITests.swift in Sources */,
			);
			runOnlyForDeploymentPostprocessing = 0;
		};
/* End PBXSourcesBuildPhase section */

/* Begin PBXTargetDependency section */
		4E410DD926F0B72D00541749 /* PBXTargetDependency */ = {
			isa = PBXTargetDependency;
			target = 4E410DBD26F0B72C00541749 /* Marley Spoon */;
			targetProxy = 4E410DD826F0B72D00541749 /* PBXContainerItemProxy */;
		};
		4E410DE426F0B72D00541749 /* PBXTargetDependency */ = {
			isa = PBXTargetDependency;
			target = 4E410DBD26F0B72C00541749 /* Marley Spoon */;
			targetProxy = 4E410DE326F0B72D00541749 /* PBXContainerItemProxy */;
		};
/* End PBXTargetDependency section */

/* Begin PBXVariantGroup section */
		4E410DCF26F0B72D00541749 /* LaunchScreen.storyboard */ = {
			isa = PBXVariantGroup;
			children = (
				4E410DD026F0B72D00541749 /* Base */,
			);
			name = LaunchScreen.storyboard;
			sourceTree = "<group>";
		};
/* End PBXVariantGroup section */

/* Begin XCBuildConfiguration section */
		4E410DE926F0B72D00541749 /* Debug */ = {
			isa = XCBuildConfiguration;
			baseConfigurationReference = 4EECC97A26F3BFF6007779DE /* Credentials.xcconfig */;
			buildSettings = {
				ALWAYS_SEARCH_USER_PATHS = NO;
				CLANG_ANALYZER_NONNULL = YES;
				CLANG_ANALYZER_NUMBER_OBJECT_CONVERSION = YES_AGGRESSIVE;
				CLANG_CXX_LANGUAGE_STANDARD = "gnu++14";
				CLANG_CXX_LIBRARY = "libc++";
				CLANG_ENABLE_MODULES = YES;
				CLANG_ENABLE_OBJC_ARC = YES;
				CLANG_ENABLE_OBJC_WEAK = YES;
				CLANG_WARN_BLOCK_CAPTURE_AUTORELEASING = YES;
				CLANG_WARN_BOOL_CONVERSION = YES;
				CLANG_WARN_COMMA = YES;
				CLANG_WARN_CONSTANT_CONVERSION = YES;
				CLANG_WARN_DEPRECATED_OBJC_IMPLEMENTATIONS = YES;
				CLANG_WARN_DIRECT_OBJC_ISA_USAGE = YES_ERROR;
				CLANG_WARN_DOCUMENTATION_COMMENTS = YES;
				CLANG_WARN_EMPTY_BODY = YES;
				CLANG_WARN_ENUM_CONVERSION = YES;
				CLANG_WARN_INFINITE_RECURSION = YES;
				CLANG_WARN_INT_CONVERSION = YES;
				CLANG_WARN_NON_LITERAL_NULL_CONVERSION = YES;
				CLANG_WARN_OBJC_IMPLICIT_RETAIN_SELF = YES;
				CLANG_WARN_OBJC_LITERAL_CONVERSION = YES;
				CLANG_WARN_OBJC_ROOT_CLASS = YES_ERROR;
				CLANG_WARN_QUOTED_INCLUDE_IN_FRAMEWORK_HEADER = YES;
				CLANG_WARN_RANGE_LOOP_ANALYSIS = YES;
				CLANG_WARN_STRICT_PROTOTYPES = YES;
				CLANG_WARN_SUSPICIOUS_MOVE = YES;
				CLANG_WARN_UNGUARDED_AVAILABILITY = YES_AGGRESSIVE;
				CLANG_WARN_UNREACHABLE_CODE = YES;
				CLANG_WARN__DUPLICATE_METHOD_MATCH = YES;
				COPY_PHASE_STRIP = NO;
				DEBUG_INFORMATION_FORMAT = dwarf;
				ENABLE_STRICT_OBJC_MSGSEND = YES;
				ENABLE_TESTABILITY = YES;
				GCC_C_LANGUAGE_STANDARD = gnu11;
				GCC_DYNAMIC_NO_PIC = NO;
				GCC_NO_COMMON_BLOCKS = YES;
				GCC_OPTIMIZATION_LEVEL = 0;
				GCC_PREPROCESSOR_DEFINITIONS = (
					"DEBUG=1",
					"$(inherited)",
				);
				GCC_WARN_64_TO_32_BIT_CONVERSION = YES;
				GCC_WARN_ABOUT_RETURN_TYPE = YES_ERROR;
				GCC_WARN_UNDECLARED_SELECTOR = YES;
				GCC_WARN_UNINITIALIZED_AUTOS = YES_AGGRESSIVE;
				GCC_WARN_UNUSED_FUNCTION = YES;
				GCC_WARN_UNUSED_VARIABLE = YES;
				IPHONEOS_DEPLOYMENT_TARGET = 14.5;
				MTL_ENABLE_DEBUG_INFO = INCLUDE_SOURCE;
				MTL_FAST_MATH = YES;
				ONLY_ACTIVE_ARCH = YES;
				SDKROOT = iphoneos;
				SWIFT_ACTIVE_COMPILATION_CONDITIONS = DEBUG;
				SWIFT_OPTIMIZATION_LEVEL = "-Onone";
			};
			name = Debug;
		};
		4E410DEA26F0B72D00541749 /* Release */ = {
			isa = XCBuildConfiguration;
			baseConfigurationReference = 4EECC97A26F3BFF6007779DE /* Credentials.xcconfig */;
			buildSettings = {
				ALWAYS_SEARCH_USER_PATHS = NO;
				CLANG_ANALYZER_NONNULL = YES;
				CLANG_ANALYZER_NUMBER_OBJECT_CONVERSION = YES_AGGRESSIVE;
				CLANG_CXX_LANGUAGE_STANDARD = "gnu++14";
				CLANG_CXX_LIBRARY = "libc++";
				CLANG_ENABLE_MODULES = YES;
				CLANG_ENABLE_OBJC_ARC = YES;
				CLANG_ENABLE_OBJC_WEAK = YES;
				CLANG_WARN_BLOCK_CAPTURE_AUTORELEASING = YES;
				CLANG_WARN_BOOL_CONVERSION = YES;
				CLANG_WARN_COMMA = YES;
				CLANG_WARN_CONSTANT_CONVERSION = YES;
				CLANG_WARN_DEPRECATED_OBJC_IMPLEMENTATIONS = YES;
				CLANG_WARN_DIRECT_OBJC_ISA_USAGE = YES_ERROR;
				CLANG_WARN_DOCUMENTATION_COMMENTS = YES;
				CLANG_WARN_EMPTY_BODY = YES;
				CLANG_WARN_ENUM_CONVERSION = YES;
				CLANG_WARN_INFINITE_RECURSION = YES;
				CLANG_WARN_INT_CONVERSION = YES;
				CLANG_WARN_NON_LITERAL_NULL_CONVERSION = YES;
				CLANG_WARN_OBJC_IMPLICIT_RETAIN_SELF = YES;
				CLANG_WARN_OBJC_LITERAL_CONVERSION = YES;
				CLANG_WARN_OBJC_ROOT_CLASS = YES_ERROR;
				CLANG_WARN_QUOTED_INCLUDE_IN_FRAMEWORK_HEADER = YES;
				CLANG_WARN_RANGE_LOOP_ANALYSIS = YES;
				CLANG_WARN_STRICT_PROTOTYPES = YES;
				CLANG_WARN_SUSPICIOUS_MOVE = YES;
				CLANG_WARN_UNGUARDED_AVAILABILITY = YES_AGGRESSIVE;
				CLANG_WARN_UNREACHABLE_CODE = YES;
				CLANG_WARN__DUPLICATE_METHOD_MATCH = YES;
				COPY_PHASE_STRIP = NO;
				DEBUG_INFORMATION_FORMAT = "dwarf-with-dsym";
				ENABLE_NS_ASSERTIONS = NO;
				ENABLE_STRICT_OBJC_MSGSEND = YES;
				GCC_C_LANGUAGE_STANDARD = gnu11;
				GCC_NO_COMMON_BLOCKS = YES;
				GCC_WARN_64_TO_32_BIT_CONVERSION = YES;
				GCC_WARN_ABOUT_RETURN_TYPE = YES_ERROR;
				GCC_WARN_UNDECLARED_SELECTOR = YES;
				GCC_WARN_UNINITIALIZED_AUTOS = YES_AGGRESSIVE;
				GCC_WARN_UNUSED_FUNCTION = YES;
				GCC_WARN_UNUSED_VARIABLE = YES;
				IPHONEOS_DEPLOYMENT_TARGET = 14.5;
				MTL_ENABLE_DEBUG_INFO = NO;
				MTL_FAST_MATH = YES;
				SDKROOT = iphoneos;
				SWIFT_COMPILATION_MODE = wholemodule;
				SWIFT_OPTIMIZATION_LEVEL = "-O";
				VALIDATE_PRODUCT = YES;
			};
			name = Release;
		};
		4E410DEC26F0B72D00541749 /* Debug */ = {
			isa = XCBuildConfiguration;
			baseConfigurationReference = 11F6D897D55091E8071D0150 /* Pods-Marley Spoon.debug.xcconfig */;
			buildSettings = {
				ASSETCATALOG_COMPILER_APPICON_NAME = AppIcon;
				ASSETCATALOG_COMPILER_GLOBAL_ACCENT_COLOR_NAME = AccentColor;
				CODE_SIGN_STYLE = Automatic;
				DEVELOPMENT_TEAM = 959HZ67CJ8;
				INFOPLIST_FILE = "Marley Spoon/Info.plist";
				LD_RUNPATH_SEARCH_PATHS = (
					"$(inherited)",
					"@executable_path/Frameworks",
				);
				PRODUCT_BUNDLE_IDENTIFIER = "com.Marley-Spoon";
				PRODUCT_NAME = "$(TARGET_NAME)";
				SWIFT_VERSION = 5.0;
				TARGETED_DEVICE_FAMILY = 1;
			};
			name = Debug;
		};
		4E410DED26F0B72D00541749 /* Release */ = {
			isa = XCBuildConfiguration;
			baseConfigurationReference = B6C2A0577D2595A38CCFB4DD /* Pods-Marley Spoon.release.xcconfig */;
			buildSettings = {
				ASSETCATALOG_COMPILER_APPICON_NAME = AppIcon;
				ASSETCATALOG_COMPILER_GLOBAL_ACCENT_COLOR_NAME = AccentColor;
				CODE_SIGN_STYLE = Automatic;
				DEVELOPMENT_TEAM = 959HZ67CJ8;
				INFOPLIST_FILE = "Marley Spoon/Info.plist";
				LD_RUNPATH_SEARCH_PATHS = (
					"$(inherited)",
					"@executable_path/Frameworks",
				);
				PRODUCT_BUNDLE_IDENTIFIER = "com.Marley-Spoon";
				PRODUCT_NAME = "$(TARGET_NAME)";
				SWIFT_VERSION = 5.0;
				TARGETED_DEVICE_FAMILY = 1;
			};
			name = Release;
		};
		4E410DEF26F0B72D00541749 /* Debug */ = {
			isa = XCBuildConfiguration;
			baseConfigurationReference = 9CED178F1846ED2966FFE2F1 /* Pods-Marley SpoonTests.debug.xcconfig */;
			buildSettings = {
				BUNDLE_LOADER = "$(TEST_HOST)";
				CLANG_ENABLE_MODULES = YES;
				CODE_SIGN_STYLE = Automatic;
				DEVELOPMENT_TEAM = 959HZ67CJ8;
				INFOPLIST_FILE = "Marley SpoonTests/Info.plist";
				IPHONEOS_DEPLOYMENT_TARGET = 14.5;
				LD_RUNPATH_SEARCH_PATHS = (
					"$(inherited)",
					"@executable_path/Frameworks",
					"@loader_path/Frameworks",
				);
				PRODUCT_BUNDLE_IDENTIFIER = "com.Marley-SpoonTests";
				PRODUCT_NAME = "$(TARGET_NAME)";
				SWIFT_OBJC_BRIDGING_HEADER = "Marley SpoonTests/RecipeModuleTests/Support/Marley SpoonTests-Bridging-Header.h";
				SWIFT_OPTIMIZATION_LEVEL = "-Onone";
				SWIFT_VERSION = 5.0;
				TARGETED_DEVICE_FAMILY = "1,2";
				TEST_HOST = "$(BUILT_PRODUCTS_DIR)/Marley Spoon.app/Marley Spoon";
			};
			name = Debug;
		};
		4E410DF026F0B72D00541749 /* Release */ = {
			isa = XCBuildConfiguration;
			baseConfigurationReference = BB7B20FB5612B97DB2D728B7 /* Pods-Marley SpoonTests.release.xcconfig */;
			buildSettings = {
				BUNDLE_LOADER = "$(TEST_HOST)";
				CLANG_ENABLE_MODULES = YES;
				CODE_SIGN_STYLE = Automatic;
				DEVELOPMENT_TEAM = 959HZ67CJ8;
				INFOPLIST_FILE = "Marley SpoonTests/Info.plist";
				IPHONEOS_DEPLOYMENT_TARGET = 14.5;
				LD_RUNPATH_SEARCH_PATHS = (
					"$(inherited)",
					"@executable_path/Frameworks",
					"@loader_path/Frameworks",
				);
				PRODUCT_BUNDLE_IDENTIFIER = "com.Marley-SpoonTests";
				PRODUCT_NAME = "$(TARGET_NAME)";
				SWIFT_OBJC_BRIDGING_HEADER = "Marley SpoonTests/RecipeModuleTests/Support/Marley SpoonTests-Bridging-Header.h";
				SWIFT_VERSION = 5.0;
				TARGETED_DEVICE_FAMILY = "1,2";
				TEST_HOST = "$(BUILT_PRODUCTS_DIR)/Marley Spoon.app/Marley Spoon";
			};
			name = Release;
		};
		4E410DF226F0B72D00541749 /* Debug */ = {
			isa = XCBuildConfiguration;
			baseConfigurationReference = E6934E1E9D0F01AD7397AABB /* Pods-Marley Spoon-Marley SpoonUITests.debug.xcconfig */;
			buildSettings = {
				CODE_SIGN_STYLE = Automatic;
				DEVELOPMENT_TEAM = 959HZ67CJ8;
				INFOPLIST_FILE = "Marley SpoonUITests/Info.plist";
				LD_RUNPATH_SEARCH_PATHS = (
					"$(inherited)",
					"@executable_path/Frameworks",
					"@loader_path/Frameworks",
				);
				PRODUCT_BUNDLE_IDENTIFIER = "com.Marley-SpoonUITests";
				PRODUCT_NAME = "$(TARGET_NAME)";
				SWIFT_VERSION = 5.0;
				TARGETED_DEVICE_FAMILY = "1,2";
				TEST_TARGET_NAME = "Marley Spoon";
			};
			name = Debug;
		};
		4E410DF326F0B72D00541749 /* Release */ = {
			isa = XCBuildConfiguration;
			baseConfigurationReference = ADF9626157D5B934E5AF8CBC /* Pods-Marley Spoon-Marley SpoonUITests.release.xcconfig */;
			buildSettings = {
				CODE_SIGN_STYLE = Automatic;
				DEVELOPMENT_TEAM = 959HZ67CJ8;
				INFOPLIST_FILE = "Marley SpoonUITests/Info.plist";
				LD_RUNPATH_SEARCH_PATHS = (
					"$(inherited)",
					"@executable_path/Frameworks",
					"@loader_path/Frameworks",
				);
				PRODUCT_BUNDLE_IDENTIFIER = "com.Marley-SpoonUITests";
				PRODUCT_NAME = "$(TARGET_NAME)";
				SWIFT_VERSION = 5.0;
				TARGETED_DEVICE_FAMILY = "1,2";
				TEST_TARGET_NAME = "Marley Spoon";
			};
			name = Release;
		};
/* End XCBuildConfiguration section */

/* Begin XCConfigurationList section */
		4E410DB926F0B72C00541749 /* Build configuration list for PBXProject "Marley Spoon" */ = {
			isa = XCConfigurationList;
			buildConfigurations = (
				4E410DE926F0B72D00541749 /* Debug */,
				4E410DEA26F0B72D00541749 /* Release */,
			);
			defaultConfigurationIsVisible = 0;
			defaultConfigurationName = Release;
		};
		4E410DEB26F0B72D00541749 /* Build configuration list for PBXNativeTarget "Marley Spoon" */ = {
			isa = XCConfigurationList;
			buildConfigurations = (
				4E410DEC26F0B72D00541749 /* Debug */,
				4E410DED26F0B72D00541749 /* Release */,
			);
			defaultConfigurationIsVisible = 0;
			defaultConfigurationName = Release;
		};
		4E410DEE26F0B72D00541749 /* Build configuration list for PBXNativeTarget "Marley SpoonTests" */ = {
			isa = XCConfigurationList;
			buildConfigurations = (
				4E410DEF26F0B72D00541749 /* Debug */,
				4E410DF026F0B72D00541749 /* Release */,
			);
			defaultConfigurationIsVisible = 0;
			defaultConfigurationName = Release;
		};
		4E410DF126F0B72D00541749 /* Build configuration list for PBXNativeTarget "Marley SpoonUITests" */ = {
			isa = XCConfigurationList;
			buildConfigurations = (
				4E410DF226F0B72D00541749 /* Debug */,
				4E410DF326F0B72D00541749 /* Release */,
			);
			defaultConfigurationIsVisible = 0;
			defaultConfigurationName = Release;
		};
/* End XCConfigurationList section */
	};
	rootObject = 4E410DB626F0B72C00541749 /* Project object */;
}
